
Microsoft Visual Studio Solution File, Format Version 12.00
# Visual Studio Version 17
VisualStudioVersion = 17.6.33815.320
MinimumVisualStudioVersion = 10.0.40219.1
Project("{FAE04EC0-301F-11D3-BF4B-00C04F79EFBC}") = "hospitalWebsite_1", "hospitalWebsite_1.csproj", "{2BA7B274-10DC-499E-ABCC-E4605A893D46}"
EndProject
Global
	GlobalSection(SolutionConfigurationPlatforms) = preSolution
		Debug|Any CPU = Debug|Any CPU
		Release|Any CPU = Release|Any CPU
	EndGlobalSection
	GlobalSection(ProjectConfigurationPlatforms) = postSolution
		{2BA7B274-10DC-499E-ABCC-E4605A893D46}.Debug|Any CPU.ActiveCfg = Debug|Any CPU
		{2BA7B274-10DC-499E-ABCC-E4605A893D46}.Debug|Any CPU.Build.0 = Debug|Any CPU
		{2BA7B274-10DC-499E-ABCC-E4605A893D46}.Release|Any CPU.ActiveCfg = Release|Any CPU
		{2BA7B274-10DC-499E-ABCC-E4605A893D46}.Release|Any CPU.Build.0 = Release|Any CPU
	EndGlobalSection
	GlobalSection(SolutionProperties) = preSolution
		HideSolutionNode = FALSE
	EndGlobalSection
	GlobalSection(ExtensibilityGlobals) = postSolution
		SolutionGuid = {C0A6580D-C91E-4828-A145-22767DAED225}
	EndGlobalSection
EndGlobal
